
Microsoft Visual Studio Solution File, Format Version 12.00
# Visual Studio Version 17
VisualStudioVersion = 17.0.32002.185
MinimumVisualStudioVersion = 10.0.40219.1
Project("{9A19103F-16F7-4668-BE54-9A1E7A4F7556}") = "PieShopHRM.App", "PieShopHRM.App\PieShopHRM.App.csproj", "{0249A114-AF5E-4FD7-958E-A8D43F30E970}"
EndProject
Project("{9A19103F-16F7-4668-BE54-9A1E7A4F7556}") = "PieShopHRM.Shared", "PieShopHRM.Shared\PieShopHRM.Shared.csproj", "{D38CBF89-D98F-4FEC-BE4C-B33A4B107F4D}"
EndProject
Project("{9A19103F-16F7-4668-BE54-9A1E7A4F7556}") = "PieShopHRM.Api", "PieShopHRM.Api\PieShopHRM.Api.csproj", "{8C322394-7C9A-468A-8CD1-5359C304AFE7}"
EndProject
Project("{9A19103F-16F7-4668-BE54-9A1E7A4F7556}") = "PieShopHRM.ComponentsLibrary", "PieShopHRM.ComponentsLibrary\PieShopHRM.ComponentsLibrary.csproj", "{135CA952-9D43-4C2B-B434-6B62D691B8A4}"
EndProject
Project("{9A19103F-16F7-4668-BE54-9A1E7A4F7556}") = "PieShopHRM.Server", "PieShopHRM.Server\PieShopHRM.Server.csproj", "{6EF814DC-6A4A-4B0F-B28E-835F8E134AE2}"
EndProject
Project("{9A19103F-16F7-4668-BE54-9A1E7A4F7556}") = "PieShopHRM.Client", "PieShopHRM.Client\PieShopHRM.Client.csproj", "{7CC8DEDD-0808-44C1-9690-18F87C67DCFE}"
EndProject
Project("{9A19103F-16F7-4668-BE54-9A1E7A4F7556}") = "PieShopHRM.IDP", "PieShopHRM.IDP\PieShopHRM.IDP.csproj", "{CD30B461-2FA2-4E8B-ADF8-D5B2CEB13F70}"
EndProject
Global
	GlobalSection(SolutionConfigurationPlatforms) = preSolution
		Debug|Any CPU = Debug|Any CPU
		Release|Any CPU = Release|Any CPU
	EndGlobalSection
	GlobalSection(ProjectConfigurationPlatforms) = postSolution
		{0249A114-AF5E-4FD7-958E-A8D43F30E970}.Debug|Any CPU.ActiveCfg = Debug|Any CPU
		{0249A114-AF5E-4FD7-958E-A8D43F30E970}.Debug|Any CPU.Build.0 = Debug|Any CPU
		{0249A114-AF5E-4FD7-958E-A8D43F30E970}.Release|Any CPU.ActiveCfg = Release|Any CPU
		{0249A114-AF5E-4FD7-958E-A8D43F30E970}.Release|Any CPU.Build.0 = Release|Any CPU
		{D38CBF89-D98F-4FEC-BE4C-B33A4B107F4D}.Debug|Any CPU.ActiveCfg = Debug|Any CPU
		{D38CBF89-D98F-4FEC-BE4C-B33A4B107F4D}.Debug|Any CPU.Build.0 = Debug|Any CPU
		{D38CBF89-D98F-4FEC-BE4C-B33A4B107F4D}.Release|Any CPU.ActiveCfg = Release|Any CPU
		{D38CBF89-D98F-4FEC-BE4C-B33A4B107F4D}.Release|Any CPU.Build.0 = Release|Any CPU
		{8C322394-7C9A-468A-8CD1-5359C304AFE7}.Debug|Any CPU.ActiveCfg = Debug|Any CPU
		{8C322394-7C9A-468A-8CD1-5359C304AFE7}.Debug|Any CPU.Build.0 = Debug|Any CPU
		{8C322394-7C9A-468A-8CD1-5359C304AFE7}.Release|Any CPU.ActiveCfg = Release|Any CPU
		{8C322394-7C9A-468A-8CD1-5359C304AFE7}.Release|Any CPU.Build.0 = Release|Any CPU
		{135CA952-9D43-4C2B-B434-6B62D691B8A4}.Debug|Any CPU.ActiveCfg = Debug|Any CPU
		{135CA952-9D43-4C2B-B434-6B62D691B8A4}.Debug|Any CPU.Build.0 = Debug|Any CPU
		{135CA952-9D43-4C2B-B434-6B62D691B8A4}.Release|Any CPU.ActiveCfg = Release|Any CPU
		{135CA952-9D43-4C2B-B434-6B62D691B8A4}.Release|Any CPU.Build.0 = Release|Any CPU
		{6EF814DC-6A4A-4B0F-B28E-835F8E134AE2}.Debug|Any CPU.ActiveCfg = Debug|Any CPU
		{6EF814DC-6A4A-4B0F-B28E-835F8E134AE2}.Debug|Any CPU.Build.0 = Debug|Any CPU
		{6EF814DC-6A4A-4B0F-B28E-835F8E134AE2}.Release|Any CPU.ActiveCfg = Release|Any CPU
		{6EF814DC-6A4A-4B0F-B28E-835F8E134AE2}.Release|Any CPU.Build.0 = Release|Any CPU
		{7CC8DEDD-0808-44C1-9690-18F87C67DCFE}.Debug|Any CPU.ActiveCfg = Debug|Any CPU
		{7CC8DEDD-0808-44C1-9690-18F87C67DCFE}.Debug|Any CPU.Build.0 = Debug|Any CPU
		{7CC8DEDD-0808-44C1-9690-18F87C67DCFE}.Release|Any CPU.ActiveCfg = Release|Any CPU
		{7CC8DEDD-0808-44C1-9690-18F87C67DCFE}.Release|Any CPU.Build.0 = Release|Any CPU
		{CD30B461-2FA2-4E8B-ADF8-D5B2CEB13F70}.Debug|Any CPU.ActiveCfg = Debug|Any CPU
		{CD30B461-2FA2-4E8B-ADF8-D5B2CEB13F70}.Debug|Any CPU.Build.0 = Debug|Any CPU
		{CD30B461-2FA2-4E8B-ADF8-D5B2CEB13F70}.Release|Any CPU.ActiveCfg = Release|Any CPU
		{CD30B461-2FA2-4E8B-ADF8-D5B2CEB13F70}.Release|Any CPU.Build.0 = Release|Any CPU
	EndGlobalSection
	GlobalSection(SolutionProperties) = preSolution
		HideSolutionNode = FALSE
	EndGlobalSection
	GlobalSection(ExtensibilityGlobals) = postSolution
		SolutionGuid = {45DBDC21-D099-4029-918F-EA70D82EFC6E}
	EndGlobalSection
EndGlobal
