
Microsoft Visual Studio Solution File, Format Version 12.00
# Visual Studio Version 17
VisualStudioVersion = 17.0.32002.185
MinimumVisualStudioVersion = 10.0.40219.1
Project("{FAE04EC0-301F-11D3-BF4B-00C04F79EFBC}") = "PieShopHRM.App", "PieShopHRM.App\PieShopHRM.App.csproj", "{0249A114-AF5E-4FD7-958E-A8D43F30E970}"
EndProject
Project("{FAE04EC0-301F-11D3-BF4B-00C04F79EFBC}") = "PieShopHRM.Shared", "PieShopHRM.Shared\PieShopHRM.Shared.csproj", "{D38CBF89-D98F-4FEC-BE4C-B33A4B107F4D}"
EndProject
Project("{FAE04EC0-301F-11D3-BF4B-00C04F79EFBC}") = "PieShopHRM.Api", "PieShopHRM.Api\PieShopHRM.Api.csproj", "{8C322394-7C9A-468A-8CD1-5359C304AFE7}"
EndProject
Global
	GlobalSection(SolutionConfigurationPlatforms) = preSolution
		Debug|Any CPU = Debug|Any CPU
		Release|Any CPU = Release|Any CPU
	EndGlobalSection
	GlobalSection(ProjectConfigurationPlatforms) = postSolution
		{0249A114-AF5E-4FD7-958E-A8D43F30E970}.Debug|Any CPU.ActiveCfg = Debug|Any CPU
		{0249A114-AF5E-4FD7-958E-A8D43F30E970}.Debug|Any CPU.Build.0 = Debug|Any CPU
		{0249A114-AF5E-4FD7-958E-A8D43F30E970}.Release|Any CPU.ActiveCfg = Release|Any CPU
		{0249A114-AF5E-4FD7-958E-A8D43F30E970}.Release|Any CPU.Build.0 = Release|Any CPU
		{D38CBF89-D98F-4FEC-BE4C-B33A4B107F4D}.Debug|Any CPU.ActiveCfg = Debug|Any CPU
		{D38CBF89-D98F-4FEC-BE4C-B33A4B107F4D}.Debug|Any CPU.Build.0 = Debug|Any CPU
		{D38CBF89-D98F-4FEC-BE4C-B33A4B107F4D}.Release|Any CPU.ActiveCfg = Release|Any CPU
		{D38CBF89-D98F-4FEC-BE4C-B33A4B107F4D}.Release|Any CPU.Build.0 = Release|Any CPU
		{8C322394-7C9A-468A-8CD1-5359C304AFE7}.Debug|Any CPU.ActiveCfg = Debug|Any CPU
		{8C322394-7C9A-468A-8CD1-5359C304AFE7}.Debug|Any CPU.Build.0 = Debug|Any CPU
		{8C322394-7C9A-468A-8CD1-5359C304AFE7}.Release|Any CPU.ActiveCfg = Release|Any CPU
		{8C322394-7C9A-468A-8CD1-5359C304AFE7}.Release|Any CPU.Build.0 = Release|Any CPU
	EndGlobalSection
	GlobalSection(SolutionProperties) = preSolution
		HideSolutionNode = FALSE
	EndGlobalSection
	GlobalSection(ExtensibilityGlobals) = postSolution
		SolutionGuid = {45DBDC21-D099-4029-918F-EA70D82EFC6E}
	EndGlobalSection
EndGlobal
